Microsoft Visual Studio Solution File, Format Version 12.00
# Visual Studio Version 17
VisualStudioVersion = 17.5.2.0
MinimumVisualStudioVersion = 10.0.40219.1
Project("{FAE04EC0-301F-11D3-BF4B-00C04F79EFBC}") = "assignment4", "assignment4.csproj", "{F4D8760C-739D-21EF-38D6-1A652FDDFABC}"
EndProject
Global
	GlobalSection(SolutionConfigurationPlatforms) = preSolution
		Debug|Any CPU = Debug|Any CPU
		Release|Any CPU = Release|Any CPU
	EndGlobalSection
	GlobalSection(ProjectConfigurationPlatforms) = postSolution
		{F4D8760C-739D-21EF-38D6-1A652FDDFABC}.Debug|Any CPU.ActiveCfg = Debug|Any CPU
		{F4D8760C-739D-21EF-38D6-1A652FDDFABC}.Debug|Any CPU.Build.0 = Debug|Any CPU
		{F4D8760C-739D-21EF-38D6-1A652FDDFABC}.Release|Any CPU.ActiveCfg = Release|Any CPU
		{F4D8760C-739D-21EF-38D6-1A652FDDFABC}.Release|Any CPU.Build.0 = Release|Any CPU
	EndGlobalSection
	GlobalSection(SolutionProperties) = preSolution
		HideSolutionNode = FALSE
	EndGlobalSection
	GlobalSection(ExtensibilityGlobals) = postSolution
		SolutionGuid = {AC1754D2-BA6E-4CD3-A111-7FF5B0EFBA73}
	EndGlobalSection
EndGlobal
