
Microsoft Visual Studio Solution File, Format Version 12.00
# Visual Studio Version 17
VisualStudioVersion = 17.12.35707.178 d17.12
MinimumVisualStudioVersion = 10.0.40219.1
Project("{FAE04EC0-301F-11D3-BF4B-00C04F79EFBC}") = "UserRegistration", "UserRegistration.csproj", "{052B7984-7B75-47BB-9614-F9B5B8F5D239}"
EndProject
Project("{FAE04EC0-301F-11D3-BF4B-00C04F79EFBC}") = "BussinessLayer", "..\BussinessLayer\BussinessLayer.csproj", "{FF06BDC3-AEF1-4943-A93B-E852EB23E555}"
EndProject
Project("{FAE04EC0-301F-11D3-BF4B-00C04F79EFBC}") = "RepositoryLayer", "..\RepositoryLayer\RepositoryLayer.csproj", "{DCD819E2-4A28-44D9-9FA2-698DDD194A9E}"
EndProject
Project("{FAE04EC0-301F-11D3-BF4B-00C04F79EFBC}") = "ModelLayer", "..\ModelLayer\ModelLayer.csproj", "{21427F6E-7525-4117-824C-AD8F0B43FF29}"
EndProject
Global
	GlobalSection(SolutionConfigurationPlatforms) = preSolution
		Debug|Any CPU = Debug|Any CPU
		Release|Any CPU = Release|Any CPU
	EndGlobalSection
	GlobalSection(ProjectConfigurationPlatforms) = postSolution
		{052B7984-7B75-47BB-9614-F9B5B8F5D239}.Debug|Any CPU.ActiveCfg = Debug|Any CPU
		{052B7984-7B75-47BB-9614-F9B5B8F5D239}.Debug|Any CPU.Build.0 = Debug|Any CPU
		{052B7984-7B75-47BB-9614-F9B5B8F5D239}.Release|Any CPU.ActiveCfg = Release|Any CPU
		{052B7984-7B75-47BB-9614-F9B5B8F5D239}.Release|Any CPU.Build.0 = Release|Any CPU
		{FF06BDC3-AEF1-4943-A93B-E852EB23E555}.Debug|Any CPU.ActiveCfg = Debug|Any CPU
		{FF06BDC3-AEF1-4943-A93B-E852EB23E555}.Debug|Any CPU.Build.0 = Debug|Any CPU
		{FF06BDC3-AEF1-4943-A93B-E852EB23E555}.Release|Any CPU.ActiveCfg = Release|Any CPU
		{FF06BDC3-AEF1-4943-A93B-E852EB23E555}.Release|Any CPU.Build.0 = Release|Any CPU
		{DCD819E2-4A28-44D9-9FA2-698DDD194A9E}.Debug|Any CPU.ActiveCfg = Debug|Any CPU
		{DCD819E2-4A28-44D9-9FA2-698DDD194A9E}.Debug|Any CPU.Build.0 = Debug|Any CPU
		{DCD819E2-4A28-44D9-9FA2-698DDD194A9E}.Release|Any CPU.ActiveCfg = Release|Any CPU
		{DCD819E2-4A28-44D9-9FA2-698DDD194A9E}.Release|Any CPU.Build.0 = Release|Any CPU
		{21427F6E-7525-4117-824C-AD8F0B43FF29}.Debug|Any CPU.ActiveCfg = Debug|Any CPU
		{21427F6E-7525-4117-824C-AD8F0B43FF29}.Debug|Any CPU.Build.0 = Debug|Any CPU
		{21427F6E-7525-4117-824C-AD8F0B43FF29}.Release|Any CPU.ActiveCfg = Release|Any CPU
		{21427F6E-7525-4117-824C-AD8F0B43FF29}.Release|Any CPU.Build.0 = Release|Any CPU
	EndGlobalSection
	GlobalSection(SolutionProperties) = preSolution
		HideSolutionNode = FALSE
	EndGlobalSection
EndGlobal
