Microsoft Visual Studio Solution File, Format Version 12.00
# Visual Studio Version 17
VisualStudioVersion = 17.5.2.0
MinimumVisualStudioVersion = 10.0.40219.1
Project("{FAE04EC0-301F-11D3-BF4B-00C04F79EFBC}") = "Level2", "Level2.csproj", "{3F1DAA7F-5EDB-FF6F-0F59-BF6E6828BC0E}"
EndProject
Global
	GlobalSection(SolutionConfigurationPlatforms) = preSolution
		Debug|Any CPU = Debug|Any CPU
		Release|Any CPU = Release|Any CPU
	EndGlobalSection
	GlobalSection(ProjectConfigurationPlatforms) = postSolution
		{3F1DAA7F-5EDB-FF6F-0F59-BF6E6828BC0E}.Debug|Any CPU.ActiveCfg = Debug|Any CPU
		{3F1DAA7F-5EDB-FF6F-0F59-BF6E6828BC0E}.Debug|Any CPU.Build.0 = Debug|Any CPU
		{3F1DAA7F-5EDB-FF6F-0F59-BF6E6828BC0E}.Release|Any CPU.ActiveCfg = Release|Any CPU
		{3F1DAA7F-5EDB-FF6F-0F59-BF6E6828BC0E}.Release|Any CPU.Build.0 = Release|Any CPU
	EndGlobalSection
	GlobalSection(SolutionProperties) = preSolution
		HideSolutionNode = FALSE
	EndGlobalSection
	GlobalSection(ExtensibilityGlobals) = postSolution
		SolutionGuid = {7EC7FFF7-AC0B-485E-AF50-E7B7B49440E1}
	EndGlobalSection
EndGlobal
