Microsoft Visual Studio Solution File, Format Version 12.00
# Visual Studio Version 17
VisualStudioVersion = 17.5.2.0
MinimumVisualStudioVersion = 10.0.40219.1
Project("{FAE04EC0-301F-11D3-BF4B-00C04F79EFBC}") = "Assignment_29_01", "Assignment_29_01.csproj", "{BC825D10-65F1-DEAE-A6CE-6AC410F5525C}"
EndProject
Global
	GlobalSection(SolutionConfigurationPlatforms) = preSolution
		Debug|Any CPU = Debug|Any CPU
		Release|Any CPU = Release|Any CPU
	EndGlobalSection
	GlobalSection(ProjectConfigurationPlatforms) = postSolution
		{BC825D10-65F1-DEAE-A6CE-6AC410F5525C}.Debug|Any CPU.ActiveCfg = Debug|Any CPU
		{BC825D10-65F1-DEAE-A6CE-6AC410F5525C}.Debug|Any CPU.Build.0 = Debug|Any CPU
		{BC825D10-65F1-DEAE-A6CE-6AC410F5525C}.Release|Any CPU.ActiveCfg = Release|Any CPU
		{BC825D10-65F1-DEAE-A6CE-6AC410F5525C}.Release|Any CPU.Build.0 = Release|Any CPU
	EndGlobalSection
	GlobalSection(SolutionProperties) = preSolution
		HideSolutionNode = FALSE
	EndGlobalSection
	GlobalSection(ExtensibilityGlobals) = postSolution
		SolutionGuid = {5926920A-25D1-44F5-951A-62BFE810032C}
	EndGlobalSection
EndGlobal
