Microsoft Visual Studio Solution File, Format Version 12.00
# Visual Studio Version 17
VisualStudioVersion = 17.5.2.0
MinimumVisualStudioVersion = 10.0.40219.1
Project("{FAE04EC0-301F-11D3-BF4B-00C04F79EFBC}") = "Feature_15_02", "Feature_15_02.csproj", "{19F24EE0-B414-CE75-3A25-99016860D61A}"
EndProject
Global
	GlobalSection(SolutionConfigurationPlatforms) = preSolution
		Debug|Any CPU = Debug|Any CPU
		Release|Any CPU = Release|Any CPU
	EndGlobalSection
	GlobalSection(ProjectConfigurationPlatforms) = postSolution
		{19F24EE0-B414-CE75-3A25-99016860D61A}.Debug|Any CPU.ActiveCfg = Debug|Any CPU
		{19F24EE0-B414-CE75-3A25-99016860D61A}.Debug|Any CPU.Build.0 = Debug|Any CPU
		{19F24EE0-B414-CE75-3A25-99016860D61A}.Release|Any CPU.ActiveCfg = Release|Any CPU
		{19F24EE0-B414-CE75-3A25-99016860D61A}.Release|Any CPU.Build.0 = Release|Any CPU
	EndGlobalSection
	GlobalSection(SolutionProperties) = preSolution
		HideSolutionNode = FALSE
	EndGlobalSection
	GlobalSection(ExtensibilityGlobals) = postSolution
		SolutionGuid = {923684C5-41E9-40FC-A898-9BE56ADF1672}
	EndGlobalSection
EndGlobal
