Microsoft Visual Studio Solution File, Format Version 12.00
# Visual Studio Version 17
VisualStudioVersion = 17.5.2.0
MinimumVisualStudioVersion = 10.0.40219.1
Project("{FAE04EC0-301F-11D3-BF4B-00C04F79EFBC}") = "asssigment2_22", "asssigment2_22.csproj", "{ED92796F-EB23-5705-7CBC-1B4D0B6C7A6B}"
EndProject
Global
	GlobalSection(SolutionConfigurationPlatforms) = preSolution
		Debug|Any CPU = Debug|Any CPU
		Release|Any CPU = Release|Any CPU
	EndGlobalSection
	GlobalSection(ProjectConfigurationPlatforms) = postSolution
		{ED92796F-EB23-5705-7CBC-1B4D0B6C7A6B}.Debug|Any CPU.ActiveCfg = Debug|Any CPU
		{ED92796F-EB23-5705-7CBC-1B4D0B6C7A6B}.Debug|Any CPU.Build.0 = Debug|Any CPU
		{ED92796F-EB23-5705-7CBC-1B4D0B6C7A6B}.Release|Any CPU.ActiveCfg = Release|Any CPU
		{ED92796F-EB23-5705-7CBC-1B4D0B6C7A6B}.Release|Any CPU.Build.0 = Release|Any CPU
	EndGlobalSection
	GlobalSection(SolutionProperties) = preSolution
		HideSolutionNode = FALSE
	EndGlobalSection
	GlobalSection(ExtensibilityGlobals) = postSolution
		SolutionGuid = {32B7BEA5-5627-470C-89C2-6C13C455A593}
	EndGlobalSection
EndGlobal
